
Microsoft Visual Studio Solution File, Format Version 12.00
# Visual Studio Version 17
VisualStudioVersion = 17.4.33122.133
MinimumVisualStudioVersion = 10.0.40219.1
Project("{FAE04EC0-301F-11D3-BF4B-00C04F79EFBC}") = "GestoreEventi", "GestoreEventi\GestoreEventi.csproj", "{3087B110-0AAE-4AD9-9F0A-AA510B4B1DB2}"
EndProject
Global
	GlobalSection(SolutionConfigurationPlatforms) = preSolution
		Debug|Any CPU = Debug|Any CPU
		Release|Any CPU = Release|Any CPU
	EndGlobalSection
	GlobalSection(ProjectConfigurationPlatforms) = postSolution
		{3087B110-0AAE-4AD9-9F0A-AA510B4B1DB2}.Debug|Any CPU.ActiveCfg = Debug|Any CPU
		{3087B110-0AAE-4AD9-9F0A-AA510B4B1DB2}.Debug|Any CPU.Build.0 = Debug|Any CPU
		{3087B110-0AAE-4AD9-9F0A-AA510B4B1DB2}.Release|Any CPU.ActiveCfg = Release|Any CPU
		{3087B110-0AAE-4AD9-9F0A-AA510B4B1DB2}.Release|Any CPU.Build.0 = Release|Any CPU
	EndGlobalSection
	GlobalSection(SolutionProperties) = preSolution
		HideSolutionNode = FALSE
	EndGlobalSection
	GlobalSection(ExtensibilityGlobals) = postSolution
		SolutionGuid = {B4AC9914-76EF-4934-B0F5-D432F0E3A866}
	EndGlobalSection
EndGlobal
